
Microsoft Visual Studio Solution File, Format Version 12.00
# Visual Studio Version 17
VisualStudioVersion = 17.2.32616.157
MinimumVisualStudioVersion = 10.0.40219.1
Project("{FAE04EC0-301F-11D3-BF4B-00C04F79EFBC}") = "CustomerAPI", "Customer-API\CustomerAPI.csproj", "{D62D13D9-32C2-42DF-8AF7-FFC7F9AB6145}"
EndProject
Global
	GlobalSection(SolutionConfigurationPlatforms) = preSolution
		Debug|Any CPU = Debug|Any CPU
		Release|Any CPU = Release|Any CPU
	EndGlobalSection
	GlobalSection(ProjectConfigurationPlatforms) = postSolution
		{D62D13D9-32C2-42DF-8AF7-FFC7F9AB6145}.Debug|Any CPU.ActiveCfg = Debug|Any CPU
		{D62D13D9-32C2-42DF-8AF7-FFC7F9AB6145}.Debug|Any CPU.Build.0 = Debug|Any CPU
		{D62D13D9-32C2-42DF-8AF7-FFC7F9AB6145}.Release|Any CPU.ActiveCfg = Release|Any CPU
		{D62D13D9-32C2-42DF-8AF7-FFC7F9AB6145}.Release|Any CPU.Build.0 = Release|Any CPU
	EndGlobalSection
	GlobalSection(SolutionProperties) = preSolution
		HideSolutionNode = FALSE
	EndGlobalSection
	GlobalSection(ExtensibilityGlobals) = postSolution
		SolutionGuid = {2892712D-48E5-4704-A82A-FE5217D42FC9}
	EndGlobalSection
EndGlobal
